
Microsoft Visual Studio Solution File, Format Version 12.00
# Visual Studio Version 16
VisualStudioVersion = 16.0.32630.194
MinimumVisualStudioVersion = 10.0.40219.1
Project("{FAE04EC0-301F-11D3-BF4B-00C04F79EFBC}") = "TechnicalInterview", "TechnicalInterview\TechnicalInterview.csproj", "{41AB8DD8-0D2C-4FF7-9958-6F467D3B573B}"
EndProject
Project("{FAE04EC0-301F-11D3-BF4B-00C04F79EFBC}") = "TechnicalInterview.Test", "TechnicalInterview.Test\TechnicalInterview.Test.csproj", "{9E6FFCC6-4BF3-4933-85E1-C6FE746F4D1E}"
EndProject
Global
	GlobalSection(SolutionConfigurationPlatforms) = preSolution
		Debug|Any CPU = Debug|Any CPU
		Release|Any CPU = Release|Any CPU
	EndGlobalSection
	GlobalSection(ProjectConfigurationPlatforms) = postSolution
		{41AB8DD8-0D2C-4FF7-9958-6F467D3B573B}.Debug|Any CPU.ActiveCfg = Debug|Any CPU
		{41AB8DD8-0D2C-4FF7-9958-6F467D3B573B}.Debug|Any CPU.Build.0 = Debug|Any CPU
		{41AB8DD8-0D2C-4FF7-9958-6F467D3B573B}.Release|Any CPU.ActiveCfg = Release|Any CPU
		{41AB8DD8-0D2C-4FF7-9958-6F467D3B573B}.Release|Any CPU.Build.0 = Release|Any CPU
		{9E6FFCC6-4BF3-4933-85E1-C6FE746F4D1E}.Debug|Any CPU.ActiveCfg = Debug|Any CPU
		{9E6FFCC6-4BF3-4933-85E1-C6FE746F4D1E}.Debug|Any CPU.Build.0 = Debug|Any CPU
		{9E6FFCC6-4BF3-4933-85E1-C6FE746F4D1E}.Release|Any CPU.ActiveCfg = Release|Any CPU
		{9E6FFCC6-4BF3-4933-85E1-C6FE746F4D1E}.Release|Any CPU.Build.0 = Release|Any CPU
	EndGlobalSection
	GlobalSection(SolutionProperties) = preSolution
		HideSolutionNode = FALSE
	EndGlobalSection
	GlobalSection(ExtensibilityGlobals) = postSolution
		SolutionGuid = {CBC2DEDE-13A7-4DE0-B1FD-BAB344D522C9}
	EndGlobalSection
EndGlobal
